
Microsoft Visual Studio Solution File, Format Version 12.00
# Visual Studio Version 17
VisualStudioVersion = 17.0.31903.59
MinimumVisualStudioVersion = 10.0.40219.1
Project("{8BC9CEB8-8B4A-11D0-8D11-00A0C91BC942}") = "X11Engine", "X11Engine\X11Engine.vcxproj", "{3039E99F-B3A1-4571-A67B-AC41719DB973}"
EndProject
Global
	GlobalSection(SolutionConfigurationPlatforms) = preSolution
		Debug|x64 = Debug|x64
		Debug|x86 = Debug|x86
		Release|x64 = Release|x64
		Release|x86 = Release|x86
	EndGlobalSection
	GlobalSection(ProjectConfigurationPlatforms) = postSolution
		{3039E99F-B3A1-4571-A67B-AC41719DB973}.Debug|x64.ActiveCfg = Debug|x64
		{3039E99F-B3A1-4571-A67B-AC41719DB973}.Debug|x64.Build.0 = Debug|x64
		{3039E99F-B3A1-4571-A67B-AC41719DB973}.Debug|x86.ActiveCfg = Debug|Win32
		{3039E99F-B3A1-4571-A67B-AC41719DB973}.Debug|x86.Build.0 = Debug|Win32
		{3039E99F-B3A1-4571-A67B-AC41719DB973}.Release|x64.ActiveCfg = Release|x64
		{3039E99F-B3A1-4571-A67B-AC41719DB973}.Release|x64.Build.0 = Release|x64
		{3039E99F-B3A1-4571-A67B-AC41719DB973}.Release|x86.ActiveCfg = Release|Win32
		{3039E99F-B3A1-4571-A67B-AC41719DB973}.Release|x86.Build.0 = Release|Win32
	EndGlobalSection
	GlobalSection(SolutionProperties) = preSolution
		HideSolutionNode = FALSE
	EndGlobalSection
	GlobalSection(ExtensibilityGlobals) = postSolution
		SolutionGuid = {35884C4A-D6C3-4728-AE3A-F342640FE7A2}
	EndGlobalSection
EndGlobal
