<?xml version="1.0" encoding="utf-8"?>
<Project ToolsVersion="4.0" xmlns="http://schemas.microsoft.com/developer/msbuild/2003">
  <ItemGroup>
    <ClInclude Include="Buffer.h">
      <Filter>Graphics</Filter>
    </ClInclude>
    <ClInclude Include="Graphics.h">
      <Filter>Graphics</Filter>
    </ClInclude>
    <ClInclude Include="SwapChain.h">
      <Filter>Graphics</Filter>
    </ClInclude>
    <ClInclude Include="Window.h">
      <Filter>Graphics</Filter>
    </ClInclude>
    <ClInclude Include="Allocator.h">
      <Filter>Allocator</Filter>
    </ClInclude>
    <ClInclude Include="LinearAllocator.h">
      <Filter>Allocator</Filter>
    </ClInclude>
    <ClInclude Include="PoolAllocator.h">
      <Filter>Allocator</Filter>
    </ClInclude>
    <ClInclude Include="Types.h" />
    <ClInclude Include="Helper.h" />
    <ClInclude Include="Event.h" />
    <ClInclude Include="EventDelegate.h" />
    <ClInclude Include="EventManager.h" />
    <ClInclude Include="Memory.h" />
    <ClInclude Include="ChunkAllocator.h">
      <Filter>Allocator</Filter>
    </ClInclude>
    <ClInclude Include="Entity.h">
      <Filter>ECS\Entity</Filter>
    </ClInclude>
    <ClInclude Include="IComponent.h">
      <Filter>ECS\Component</Filter>
    </ClInclude>
    <ClInclude Include="IEntity.h">
      <Filter>ECS\Entity</Filter>
    </ClInclude>
    <ClInclude Include="ISystem.h">
      <Filter>ECS\System</Filter>
    </ClInclude>
    <ClInclude Include="Component.h">
      <Filter>ECS\Component</Filter>
    </ClInclude>
    <ClInclude Include="ComponentManager.h">
      <Filter>ECS\Component</Filter>
    </ClInclude>
    <ClInclude Include="EntityManager.h">
      <Filter>ECS\Entity</Filter>
    </ClInclude>
    <ClInclude Include="GlobalAllocator.h">
      <Filter>Allocator</Filter>
    </ClInclude>
    <ClInclude Include="StackAllocator.h">
      <Filter>Allocator</Filter>
    </ClInclude>
    <ClInclude Include="System.h">
      <Filter>ECS\System</Filter>
    </ClInclude>
    <ClInclude Include="SystemManager.h">
      <Filter>ECS\System</Filter>
    </ClInclude>
  </ItemGroup>
  <ItemGroup>
    <FxCompile Include="PixelShader.hlsl" />
    <FxCompile Include="VertexShader.hlsl" />
  </ItemGroup>
  <ItemGroup>
    <ClCompile Include="Buffer.cpp">
      <Filter>Graphics</Filter>
    </ClCompile>
    <ClCompile Include="Graphics.cpp">
      <Filter>Graphics</Filter>
    </ClCompile>
    <ClCompile Include="SwapChain.cpp">
      <Filter>Graphics</Filter>
    </ClCompile>
    <ClCompile Include="Window.cpp">
      <Filter>Graphics</Filter>
    </ClCompile>
    <ClCompile Include="LinearAllocator.cpp">
      <Filter>Allocator</Filter>
    </ClCompile>
    <ClCompile Include="PoolAllocator.cpp">
      <Filter>Allocator</Filter>
    </ClCompile>
    <ClCompile Include="EventManager.cpp" />
    <ClCompile Include="ChunkAllocator.cpp">
      <Filter>Allocator</Filter>
    </ClCompile>
    <ClCompile Include="IEntity.cpp">
      <Filter>ECS\Entity</Filter>
    </ClCompile>
    <ClCompile Include="ISystem.cpp">
      <Filter>ECS\System</Filter>
    </ClCompile>
    <ClCompile Include="ComponentManager.cpp">
      <Filter>ECS\Component</Filter>
    </ClCompile>
    <ClCompile Include="EntityManager.cpp">
      <Filter>ECS\Entity</Filter>
    </ClCompile>
    <ClCompile Include="GlobalAllocator.cpp">
      <Filter>Allocator</Filter>
    </ClCompile>
    <ClCompile Include="StackAllocator.cpp">
      <Filter>Allocator</Filter>
    </ClCompile>
  </ItemGroup>
  <ItemGroup>
    <Filter Include="Graphics">
      <UniqueIdentifier>{42993329-1a89-453e-8700-593b96442845}</UniqueIdentifier>
    </Filter>
    <Filter Include="ECS">
      <UniqueIdentifier>{ea608ed2-9410-401d-b9c4-1e872fc355c7}</UniqueIdentifier>
    </Filter>
    <Filter Include="Allocator">
      <UniqueIdentifier>{882aab02-a542-42f4-9aa3-7c3d68dfd514}</UniqueIdentifier>
    </Filter>
    <Filter Include="ECS\Component">
      <UniqueIdentifier>{b9db6124-ba86-4658-8b0f-f7230e40dd4d}</UniqueIdentifier>
    </Filter>
    <Filter Include="ECS\Entity">
      <UniqueIdentifier>{7d5bfbe8-6573-41ec-9b7e-3839554313dc}</UniqueIdentifier>
    </Filter>
    <Filter Include="ECS\System">
      <UniqueIdentifier>{38ab7b61-7dfa-4070-89ec-94960cd4be01}</UniqueIdentifier>
    </Filter>
  </ItemGroup>
</Project>